PODS:
  - Firebase/Core (4.6.0):
    - FirebaseAnalytics (= 4.0.5)
    - FirebaseCore (= 4.0.11)
  - FirebaseAnalytics (4.0.5):
    - FirebaseCore (~> 4.0)
    - FirebaseInstanceID (~> 2.0)
    - GoogleToolboxForMac/NSData+zlib (~> 2.1)
    - nanopb (~> 0.3)
  - FirebaseCore (4.0.11):
    - GoogleToolboxForMac/NSData+zlib (~> 2.1)
  - FirebaseInstanceID (2.0.6)
  - GoogleToolboxForMac/Defines (2.1.3)
  - GoogleToolboxForMac/NSData+zlib (2.1.3):
    - GoogleToolboxForMac/Defines (= 2.1.3)
  - Kingfisher (4.1.0)
  - KSCrash/Core (1.15.12):
    - KSCrash/Reporting/Filters/Basic
  - KSCrash/Recording (1.15.12):
    - KSCrash/Recording/Tools (= 1.15.12)
  - KSCrash/Recording/Tools (1.15.12)
  - KSCrash/Reporting/Filters/Base (1.15.12):
    - KSCrash/Recording
  - KSCrash/Reporting/Filters/Basic (1.15.12):
    - KSCrash/Recording
    - KSCrash/Reporting/Filters/Base
  - nanopb (0.3.8):
    - nanopb/decode (= 0.3.8)
    - nanopb/encode (= 0.3.8)
  - nanopb/decode (0.3.8)
  - nanopb/encode (0.3.8)
  - Sentry (3.9.1):
    - Sentry/Core (= 3.9.1)
    - Sentry/KSCrash (= 3.9.1)
  - Sentry/Core (3.9.1)
  - Sentry/KSCrash (3.9.1):
    - KSCrash/Core (~> 1.15.12)
  - YouTubePlayer (0.4.0)

DEPENDENCIES:
  - Firebase/Core
  - Kingfisher
  - Sentry (from `https://github.com/getsentry/sentry-cocoa.git`, tag `3.9.1`)
  - YouTubePlayer

EXTERNAL SOURCES:
  Sentry:
    :git: https://github.com/getsentry/sentry-cocoa.git
    :tag: 3.9.1

CHECKOUT OPTIONS:
  Sentry:
    :git: https://github.com/getsentry/sentry-cocoa.git
    :tag: 3.9.1

SPEC CHECKSUMS:
  Firebase: 27321a925aa85520618255a7c630859e0502ccbd
  FirebaseAnalytics: 5b02a63ead2c3f0259cfc7f15e053e440587ecf8
  FirebaseCore: 2a946ece8fbe3ce1fdeeb55324f273caade22df9
  FirebaseInstanceID: 24958382a1011bba5aaff37e334e7a650b9118f5
  GoogleToolboxForMac: 2501e2ad72a52eb3dfe7bd9aee7dad11b858bd20
  Kingfisher: f14df8cbe576bf55f211fa589e9869bceb4ea87d
  KSCrash: 931b6caeebfbfe0d316007fcd209f6cb9889c624
  nanopb: 5601e6bca2dbf1ed831b519092ec110f66982ca3
  Sentry: e2707f9a6b498277d9620a48fcb1bd3b655c8473
  YouTubePlayer: 028451f6772f372d4759866db99824c676ac1473

PODFILE CHECKSUM: 136390135a74af38e4989c7e504185f62aa2017c

COCOAPODS: 1.3.1
