PODS:
  - Kingfisher (4.1.0)
  - KSCrash/Core (1.15.12):
    - KSCrash/Reporting/Filters/Basic
  - KSCrash/Recording (1.15.12):
    - KSCrash/Recording/Tools (= 1.15.12)
  - KSCrash/Recording/Tools (1.15.12)
  - KSCrash/Reporting/Filters/Base (1.15.12):
    - KSCrash/Recording
  - KSCrash/Reporting/Filters/Basic (1.15.12):
    - KSCrash/Recording
    - KSCrash/Reporting/Filters/Base
  - Sentry (3.9.1):
    - Sentry/Core (= 3.9.1)
    - Sentry/KSCrash (= 3.9.1)
  - Sentry/Core (3.9.1)
  - Sentry/KSCrash (3.9.1):
    - KSCrash/Core (~> 1.15.12)
  - YouTubePlayer (0.4.0)

DEPENDENCIES:
  - Kingfisher
  - Sentry (from `https://github.com/getsentry/sentry-cocoa.git`, tag `3.9.1`)
  - YouTubePlayer

EXTERNAL SOURCES:
  Sentry:
    :git: https://github.com/getsentry/sentry-cocoa.git
    :tag: 3.9.1

CHECKOUT OPTIONS:
  Sentry:
    :git: https://github.com/getsentry/sentry-cocoa.git
    :tag: 3.9.1

SPEC CHECKSUMS:
  Kingfisher: f14df8cbe576bf55f211fa589e9869bceb4ea87d
  KSCrash: 931b6caeebfbfe0d316007fcd209f6cb9889c624
  Sentry: e2707f9a6b498277d9620a48fcb1bd3b655c8473
  YouTubePlayer: 028451f6772f372d4759866db99824c676ac1473

PODFILE CHECKSUM: b4f6ce6be12d36f0faf6255978362af4e17688d2

COCOAPODS: 1.3.1
