// !$*UTF8*$!
{
	archiveVersion = 1;
	classes = {
	};
	objectVersion = 48;
	objects = {

/* Begin PBXBuildFile section */
		366327171F86BB460094BCBC /* AVPlayerVC.swift in Sources */ = {isa = PBXBuildFile; fileRef = 366327161F86BB460094BCBC /* AVPlayerVC.swift */; };
		36906D0E1F86A44400CBD58C /* AppDelegate.swift in Sources */ = {isa = PBXBuildFile; fileRef = 36906D0D1F86A44400CBD58C /* AppDelegate.swift */; };
		36906D101F86A44400CBD58C /* ViewController.swift in Sources */ = {isa = PBXBuildFile; fileRef = 36906D0F1F86A44400CBD58C /* ViewController.swift */; };
		36906D131F86A44400CBD58C /* Main.storyboard in Resources */ = {isa = PBXBuildFile; fileRef = 36906D111F86A44400CBD58C /* Main.storyboard */; };
		36906D151F86A44400CBD58C /* Assets.xcassets in Resources */ = {isa = PBXBuildFile; fileRef = 36906D141F86A44400CBD58C /* Assets.xcassets */; };
		36906D181F86A44400CBD58C /* LaunchScreen.storyboard in Resources */ = {isa = PBXBuildFile; fileRef = 36906D161F86A44400CBD58C /* LaunchScreen.storyboard */; };
		36906D231F86A44400CBD58C /* CoolSchoolTests.swift in Sources */ = {isa = PBXBuildFile; fileRef = 36906D221F86A44400CBD58C /* CoolSchoolTests.swift */; };
		36906D2E1F86A44400CBD58C /* CoolSchoolUITests.swift in Sources */ = {isa = PBXBuildFile; fileRef = 36906D2D1F86A44400CBD58C /* CoolSchoolUITests.swift */; };
/* End PBXBuildFile section */

/* Begin PBXContainerItemProxy section */
		36906D1F1F86A44400CBD58C /* PBXContainerItemProxy */ = {
			isa = PBXContainerItemProxy;
			containerPortal = 36906D021F86A44400CBD58C /* Project object */;
			proxyType = 1;
			remoteGlobalIDString = 36906D091F86A44400CBD58C;
			remoteInfo = CoolSchool;
		};
		36906D2A1F86A44400CBD58C /* PBXContainerItemProxy */ = {
			isa = PBXContainerItemProxy;
			containerPortal = 36906D021F86A44400CBD58C /* Project object */;
			proxyType = 1;
			remoteGlobalIDString = 36906D091F86A44400CBD58C;
			remoteInfo = CoolSchool;
		};
/* End PBXContainerItemProxy section */

/* Begin PBXFileReference section */
		366327161F86BB460094BCBC /* AVPlayerVC.swift */ = {isa = PBXFileReference; lastKnownFileType = sourcecode.swift; path = AVPlayerVC.swift; sourceTree = "<group>"; };
		36906D0A1F86A44400CBD58C /* CoolSchool.app */ = {isa = PBXFileReference; explicitFileType = wrapper.application; includeInIndex = 0; path = CoolSchool.app; sourceTree = BUILT_PRODUCTS_DIR; };
		36906D0D1F86A44400CBD58C /* AppDelegate.swift */ = {isa = PBXFileReference; lastKnownFileType = sourcecode.swift; path = AppDelegate.swift; sourceTree = "<group>"; };
		36906D0F1F86A44400CBD58C /* ViewController.swift */ = {isa = PBXFileReference; lastKnownFileType = sourcecode.swift; path = ViewController.swift; sourceTree = "<group>"; };
		36906D121F86A44400CBD58C /* Base */ = {isa = PBXFileReference; lastKnownFileType = file.storyboard; name = Base; path = Base.lproj/Main.storyboard; sourceTree = "<group>"; };
		36906D141F86A44400CBD58C /* Assets.xcassets */ = {isa = PBXFileReference; lastKnownFileType = folder.assetcatalog; path = Assets.xcassets; sourceTree = "<group>"; };
		36906D171F86A44400CBD58C /* Base */ = {isa = PBXFileReference; lastKnownFileType = file.storyboard; name = Base; path = Base.lproj/LaunchScreen.storyboard; sourceTree = "<group>"; };
		36906D191F86A44400CBD58C /* Info.plist */ = {isa = PBXFileReference; lastKnownFileType = text.plist.xml; path = Info.plist; sourceTree = "<group>"; };
		36906D1E1F86A44400CBD58C /* CoolSchoolTests.xctest */ = {isa = PBXFileReference; explicitFileType = wrapper.cfbundle; includeInIndex = 0; path = CoolSchoolTests.xctest; sourceTree = BUILT_PRODUCTS_DIR; };
		36906D221F86A44400CBD58C /* CoolSchoolTests.swift */ = {isa = PBXFileReference; lastKnownFileType = sourcecode.swift; path = CoolSchoolTests.swift; sourceTree = "<group>"; };
		36906D241F86A44400CBD58C /* Info.plist */ = {isa = PBXFileReference; lastKnownFileType = text.plist.xml; path = Info.plist; sourceTree = "<group>"; };
		36906D291F86A44400CBD58C /* CoolSchoolUITests.xctest */ = {isa = PBXFileReference; explicitFileType = wrapper.cfbundle; includeInIndex = 0; path = CoolSchoolUITests.xctest; sourceTree = BUILT_PRODUCTS_DIR; };
		36906D2D1F86A44400CBD58C /* CoolSchoolUITests.swift */ = {isa = PBXFileReference; lastKnownFileType = sourcecode.swift; path = CoolSchoolUITests.swift; sourceTree = "<group>"; };
		36906D2F1F86A44400CBD58C /* Info.plist */ = {isa = PBXFileReference; lastKnownFileType = text.plist.xml; path = Info.plist; sourceTree = "<group>"; };
/* End PBXFileReference section */

/* Begin PBXFrameworksBuildPhase section */
		36906D071F86A44400CBD58C /* Frameworks */ = {
			isa = PBXFrameworksBuildPhase;
			buildActionMask = 2147483647;
			files = (
			);
			runOnlyForDeploymentPostprocessing = 0;
		};
		36906D1B1F86A44400CBD58C /* Frameworks */ = {
			isa = PBXFrameworksBuildPhase;
			buildActionMask = 2147483647;
			files = (
			);
			runOnlyForDeploymentPostprocessing = 0;
		};
		36906D261F86A44400CBD58C /* Frameworks */ = {
			isa = PBXFrameworksBuildPhase;
			buildActionMask = 2147483647;
			files = (
			);
			runOnlyForDeploymentPostprocessing = 0;
		};
/* End PBXFrameworksBuildPhase section */

/* Begin PBXGroup section */
		36906D011F86A44400CBD58C = {
			isa = PBXGroup;
			children = (
				36906D0C1F86A44400CBD58C /* CoolSchool */,
				36906D211F86A44400CBD58C /* CoolSchoolTests */,
				36906D2C1F86A44400CBD58C /* CoolSchoolUITests */,
				36906D0B1F86A44400CBD58C /* Products */,
			);
			sourceTree = "<group>";
		};
		36906D0B1F86A44400CBD58C /* Products */ = {
			isa = PBXGroup;
			children = (
				36906D0A1F86A44400CBD58C /* CoolSchool.app */,
				36906D1E1F86A44400CBD58C /* CoolSchoolTests.xctest */,
				36906D291F86A44400CBD58C /* CoolSchoolUITests.xctest */,
			);
			name = Products;
			sourceTree = "<group>";
		};
		36906D0C1F86A44400CBD58C /* CoolSchool */ = {
			isa = PBXGroup;
			children = (
				36906D0D1F86A44400CBD58C /* AppDelegate.swift */,
				36906D0F1F86A44400CBD58C /* ViewController.swift */,
				36906D111F86A44400CBD58C /* Main.storyboard */,
				36906D141F86A44400CBD58C /* Assets.xcassets */,
				36906D161F86A44400CBD58C /* LaunchScreen.storyboard */,
				36906D191F86A44400CBD58C /* Info.plist */,
				366327161F86BB460094BCBC /* AVPlayerVC.swift */,
			);
			path = CoolSchool;
			sourceTree = "<group>";
		};
		36906D211F86A44400CBD58C /* CoolSchoolTests */ = {
			isa = PBXGroup;
			children = (
				36906D221F86A44400CBD58C /* CoolSchoolTests.swift */,
				36906D241F86A44400CBD58C /* Info.plist */,
			);
			path = CoolSchoolTests;
			sourceTree = "<group>";
		};
		36906D2C1F86A44400CBD58C /* CoolSchoolUITests */ = {
			isa = PBXGroup;
			children = (
				36906D2D1F86A44400CBD58C /* CoolSchoolUITests.swift */,
				36906D2F1F86A44400CBD58C /* Info.plist */,
			);
			path = CoolSchoolUITests;
			sourceTree = "<group>";
		};
/* End PBXGroup section */

/* Begin PBXNativeTarget section */
		36906D091F86A44400CBD58C /* CoolSchool */ = {
			isa = PBXNativeTarget;
			buildConfigurationList = 36906D321F86A44400CBD58C /* Build configuration list for PBXNativeTarget "CoolSchool" */;
			buildPhases = (
				36906D061F86A44400CBD58C /* Sources */,
				36906D071F86A44400CBD58C /* Frameworks */,
				36906D081F86A44400CBD58C /* Resources */,
			);
			buildRules = (
			);
			dependencies = (
			);
			name = CoolSchool;
			productName = CoolSchool;
			productReference = 36906D0A1F86A44400CBD58C /* CoolSchool.app */;
			productType = "com.apple.product-type.application";
		};
		36906D1D1F86A44400CBD58C /* CoolSchoolTests */ = {
			isa = PBXNativeTarget;
			buildConfigurationList = 36906D351F86A44400CBD58C /* Build configuration list for PBXNativeTarget "CoolSchoolTests" */;
			buildPhases = (
				36906D1A1F86A44400CBD58C /* Sources */,
				36906D1B1F86A44400CBD58C /* Frameworks */,
				36906D1C1F86A44400CBD58C /* Resources */,
			);
			buildRules = (
			);
			dependencies = (
				36906D201F86A44400CBD58C /* PBXTargetDependency */,
			);
			name = CoolSchoolTests;
			productName = CoolSchoolTests;
			productReference = 36906D1E1F86A44400CBD58C /* CoolSchoolTests.xctest */;
			productType = "com.apple.product-type.bundle.unit-test";
		};
		36906D281F86A44400CBD58C /* CoolSchoolUITests */ = {
			isa = PBXNativeTarget;
			buildConfigurationList = 36906D381F86A44400CBD58C /* Build configuration list for PBXNativeTarget "CoolSchoolUITests" */;
			buildPhases = (
				36906D251F86A44400CBD58C /* Sources */,
				36906D261F86A44400CBD58C /* Frameworks */,
				36906D271F86A44400CBD58C /* Resources */,
			);
			buildRules = (
			);
			dependencies = (
				36906D2B1F86A44400CBD58C /* PBXTargetDependency */,
			);
			name = CoolSchoolUITests;
			productName = CoolSchoolUITests;
			productReference = 36906D291F86A44400CBD58C /* CoolSchoolUITests.xctest */;
			productType = "com.apple.product-type.bundle.ui-testing";
		};
/* End PBXNativeTarget section */

/* Begin PBXProject section */
		36906D021F86A44400CBD58C /* Project object */ = {
			isa = PBXProject;
			attributes = {
				LastSwiftUpdateCheck = 0900;
				LastUpgradeCheck = 0900;
				ORGANIZATIONNAME = "Syed Askari";
				TargetAttributes = {
					36906D091F86A44400CBD58C = {
						CreatedOnToolsVersion = 9.0;
						ProvisioningStyle = Automatic;
					};
					36906D1D1F86A44400CBD58C = {
						CreatedOnToolsVersion = 9.0;
						ProvisioningStyle = Automatic;
						TestTargetID = 36906D091F86A44400CBD58C;
					};
					36906D281F86A44400CBD58C = {
						CreatedOnToolsVersion = 9.0;
						ProvisioningStyle = Automatic;
						TestTargetID = 36906D091F86A44400CBD58C;
					};
				};
			};
			buildConfigurationList = 36906D051F86A44400CBD58C /* Build configuration list for PBXProject "CoolSchool" */;
			compatibilityVersion = "Xcode 8.0";
			developmentRegion = en;
			hasScannedForEncodings = 0;
			knownRegions = (
				en,
				Base,
			);
			mainGroup = 36906D011F86A44400CBD58C;
			productRefGroup = 36906D0B1F86A44400CBD58C /* Products */;
			projectDirPath = "";
			projectRoot = "";
			targets = (
				36906D091F86A44400CBD58C /* CoolSchool */,
				36906D1D1F86A44400CBD58C /* CoolSchoolTests */,
				36906D281F86A44400CBD58C /* CoolSchoolUITests */,
			);
		};
/* End PBXProject section */

/* Begin PBXResourcesBuildPhase section */
		36906D081F86A44400CBD58C /* Resources */ = {
			isa = PBXResourcesBuildPhase;
			buildActionMask = 2147483647;
			files = (
				36906D181F86A44400CBD58C /* LaunchScreen.storyboard in Resources */,
				36906D151F86A44400CBD58C /* Assets.xcassets in Resources */,
				36906D131F86A44400CBD58C /* Main.storyboard in Resources */,
			);
			runOnlyForDeploymentPostprocessing = 0;
		};
		36906D1C1F86A44400CBD58C /* Resources */ = {
			isa = PBXResourcesBuildPhase;
			buildActionMask = 2147483647;
			files = (
			);
			runOnlyForDeploymentPostprocessing = 0;
		};
		36906D271F86A44400CBD58C /* Resources */ = {
			isa = PBXResourcesBuildPhase;
			buildActionMask = 2147483647;
			files = (
			);
			runOnlyForDeploymentPostprocessing = 0;
		};
/* End PBXResourcesBuildPhase section */

/* Begin PBXSourcesBuildPhase section */
		36906D061F86A44400CBD58C /* Sources */ = {
			isa = PBXSourcesBuildPhase;
			buildActionMask = 2147483647;
			files = (
				36906D101F86A44400CBD58C /* ViewController.swift in Sources */,
				36906D0E1F86A44400CBD58C /* AppDelegate.swift in Sources */,
				366327171F86BB460094BCBC /* AVPlayerVC.swift in Sources */,
			);
			runOnlyForDeploymentPostprocessing = 0;
		};
		36906D1A1F86A44400CBD58C /* Sources */ = {
			isa = PBXSourcesBuildPhase;
			buildActionMask = 2147483647;
			files = (
				36906D231F86A44400CBD58C /* CoolSchoolTests.swift in Sources */,
			);
			runOnlyForDeploymentPostprocessing = 0;
		};
		36906D251F86A44400CBD58C /* Sources */ = {
			isa = PBXSourcesBuildPhase;
			buildActionMask = 2147483647;
			files = (
				36906D2E1F86A44400CBD58C /* CoolSchoolUITests.swift in Sources */,
			);
			runOnlyForDeploymentPostprocessing = 0;
		};
/* End PBXSourcesBuildPhase section */

/* Begin PBXTargetDependency section */
		36906D201F86A44400CBD58C /* PBXTargetDependency */ = {
			isa = PBXTargetDependency;
			target = 36906D091F86A44400CBD58C /* CoolSchool */;
			targetProxy = 36906D1F1F86A44400CBD58C /* PBXContainerItemProxy */;
		};
		36906D2B1F86A44400CBD58C /* PBXTargetDependency */ = {
			isa = PBXTargetDependency;
			target = 36906D091F86A44400CBD58C /* CoolSchool */;
			targetProxy = 36906D2A1F86A44400CBD58C /* PBXContainerItemProxy */;
		};
/* End PBXTargetDependency section */

/* Begin PBXVariantGroup section */
		36906D111F86A44400CBD58C /* Main.storyboard */ = {
			isa = PBXVariantGroup;
			children = (
				36906D121F86A44400CBD58C /* Base */,
			);
			name = Main.storyboard;
			sourceTree = "<group>";
		};
		36906D161F86A44400CBD58C /* LaunchScreen.storyboard */ = {
			isa = PBXVariantGroup;
			children = (
				36906D171F86A44400CBD58C /* Base */,
			);
			name = LaunchScreen.storyboard;
			sourceTree = "<group>";
		};
/* End PBXVariantGroup section */

/* Begin XCBuildConfiguration section */
		36906D301F86A44400CBD58C /* Debug */ = {
			isa = XCBuildConfiguration;
			buildSettings = {
				ALWAYS_SEARCH_USER_PATHS = NO;
				CLANG_ANALYZER_NONNULL = YES;
				CLANG_ANALYZER_NUMBER_OBJECT_CONVERSION = YES_AGGRESSIVE;
				CLANG_CXX_LANGUAGE_STANDARD = "gnu++14";
				CLANG_CXX_LIBRARY = "libc++";
				CLANG_ENABLE_MODULES = YES;
				CLANG_ENABLE_OBJC_ARC = YES;
				CLANG_WARN_BLOCK_CAPTURE_AUTORELEASING = YES;
				CLANG_WARN_BOOL_CONVERSION = YES;
				CLANG_WARN_COMMA = YES;
				CLANG_WARN_CONSTANT_CONVERSION = YES;
				CLANG_WARN_DIRECT_OBJC_ISA_USAGE = YES_ERROR;
				CLANG_WARN_DOCUMENTATION_COMMENTS = YES;
				CLANG_WARN_EMPTY_BODY = YES;
				CLANG_WARN_ENUM_CONVERSION = YES;
				CLANG_WARN_INFINITE_RECURSION = YES;
				CLANG_WARN_INT_CONVERSION = YES;
				CLANG_WARN_NON_LITERAL_NULL_CONVERSION = YES;
				CLANG_WARN_OBJC_LITERAL_CONVERSION = YES;
				CLANG_WARN_OBJC_ROOT_CLASS = YES_ERROR;
				CLANG_WARN_RANGE_LOOP_ANALYSIS = YES;
				CLANG_WARN_STRICT_PROTOTYPES = YES;
				CLANG_WARN_SUSPICIOUS_MOVE = YES;
				CLANG_WARN_UNGUARDED_AVAILABILITY = YES_AGGRESSIVE;
				CLANG_WARN_UNREACHABLE_CODE = YES;
				CLANG_WARN__DUPLICATE_METHOD_MATCH = YES;
				CODE_SIGN_IDENTITY = "iPhone Developer";
				COPY_PHASE_STRIP = NO;
				DEBUG_INFORMATION_FORMAT = dwarf;
				ENABLE_STRICT_OBJC_MSGSEND = YES;
				ENABLE_TESTABILITY = YES;
				GCC_C_LANGUAGE_STANDARD = gnu11;
				GCC_DYNAMIC_NO_PIC = NO;
				GCC_NO_COMMON_BLOCKS = YES;
				GCC_OPTIMIZATION_LEVEL = 0;
				GCC_PREPROCESSOR_DEFINITIONS = (
					"DEBUG=1",
					"$(inherited)",
				);
				GCC_WARN_64_TO_32_BIT_CONVERSION = YES;
				GCC_WARN_ABOUT_RETURN_TYPE = YES_ERROR;
				GCC_WARN_UNDECLARED_SELECTOR = YES;
				GCC_WARN_UNINITIALIZED_AUTOS = YES_AGGRESSIVE;
				GCC_WARN_UNUSED_FUNCTION = YES;
				GCC_WARN_UNUSED_VARIABLE = YES;
				IPHONEOS_DEPLOYMENT_TARGET = 11.0;
				MTL_ENABLE_DEBUG_INFO = YES;
				ONLY_ACTIVE_ARCH = YES;
				SDKROOT = iphoneos;
				SWIFT_ACTIVE_COMPILATION_CONDITIONS = DEBUG;
				SWIFT_OPTIMIZATION_LEVEL = "-Onone";
			};
			name = Debug;
		};
		36906D311F86A44400CBD58C /* Release */ = {
			isa = XCBuildConfiguration;
			buildSettings = {
				ALWAYS_SEARCH_USER_PATHS = NO;
				CLANG_ANALYZER_NONNULL = YES;
				CLANG_ANALYZER_NUMBER_OBJECT_CONVERSION = YES_AGGRESSIVE;
				CLANG_CXX_LANGUAGE_STANDARD = "gnu++14";
				CLANG_CXX_LIBRARY = "libc++";
				CLANG_ENABLE_MODULES = YES;
				CLANG_ENABLE_OBJC_ARC = YES;
				CLANG_WARN_BLOCK_CAPTURE_AUTORELEASING = YES;
				CLANG_WARN_BOOL_CONVERSION = YES;
				CLANG_WARN_COMMA = YES;
				CLANG_WARN_CONSTANT_CONVERSION = YES;
				CLANG_WARN_DIRECT_OBJC_ISA_USAGE = YES_ERROR;
				CLANG_WARN_DOCUMENTATION_COMMENTS = YES;
				CLANG_WARN_EMPTY_BODY = YES;
				CLANG_WARN_ENUM_CONVERSION = YES;
				CLANG_WARN_INFINITE_RECURSION = YES;
				CLANG_WARN_INT_CONVERSION = YES;
				CLANG_WARN_NON_LITERAL_NULL_CONVERSION = YES;
				CLANG_WARN_OBJC_LITERAL_CONVERSION = YES;
				CLANG_WARN_OBJC_ROOT_CLASS = YES_ERROR;
				CLANG_WARN_RANGE_LOOP_ANALYSIS = YES;
				CLANG_WARN_STRICT_PROTOTYPES = YES;
				CLANG_WARN_SUSPICIOUS_MOVE = YES;
				CLANG_WARN_UNGUARDED_AVAILABILITY = YES_AGGRESSIVE;
				CLANG_WARN_UNREACHABLE_CODE = YES;
				CLANG_WARN__DUPLICATE_METHOD_MATCH = YES;
				CODE_SIGN_IDENTITY = "iPhone Developer";
				COPY_PHASE_STRIP = NO;
				DEBUG_INFORMATION_FORMAT = "dwarf-with-dsym";
				ENABLE_NS_ASSERTIONS = NO;
				ENABLE_STRICT_OBJC_MSGSEND = YES;
				GCC_C_LANGUAGE_STANDARD = gnu11;
				GCC_NO_COMMON_BLOCKS = YES;
				GCC_WARN_64_TO_32_BIT_CONVERSION = YES;
				GCC_WARN_ABOUT_RETURN_TYPE = YES_ERROR;
				GCC_WARN_UNDECLARED_SELECTOR = YES;
				GCC_WARN_UNINITIALIZED_AUTOS = YES_AGGRESSIVE;
				GCC_WARN_UNUSED_FUNCTION = YES;
				GCC_WARN_UNUSED_VARIABLE = YES;
				IPHONEOS_DEPLOYMENT_TARGET = 11.0;
				MTL_ENABLE_DEBUG_INFO = NO;
				SDKROOT = iphoneos;
				SWIFT_OPTIMIZATION_LEVEL = "-Owholemodule";
				VALIDATE_PRODUCT = YES;
			};
			name = Release;
		};
		36906D331F86A44400CBD58C /* Debug */ = {
			isa = XCBuildConfiguration;
			buildSettings = {
				ASSETCATALOG_COMPILER_APPICON_NAME = AppIcon;
				CODE_SIGN_STYLE = Automatic;
				DEVELOPMENT_TEAM = GCDJ2647RH;
				INFOPLIST_FILE = CoolSchool/Info.plist;
				IPHONEOS_DEPLOYMENT_TARGET = 10.0;
				LD_RUNPATH_SEARCH_PATHS = "$(inherited) @executable_path/Frameworks";
				PRODUCT_BUNDLE_IDENTIFIER = com.askari.CoolSchool;
				PRODUCT_NAME = "$(TARGET_NAME)";
				SWIFT_VERSION = 4.0;
				TARGETED_DEVICE_FAMILY = "1,2";
			};
			name = Debug;
		};
		36906D341F86A44400CBD58C /* Release */ = {
			isa = XCBuildConfiguration;
			buildSettings = {
				ASSETCATALOG_COMPILER_APPICON_NAME = AppIcon;
				CODE_SIGN_STYLE = Automatic;
				DEVELOPMENT_TEAM = GCDJ2647RH;
				INFOPLIST_FILE = CoolSchool/Info.plist;
				IPHONEOS_DEPLOYMENT_TARGET = 10.0;
				LD_RUNPATH_SEARCH_PATHS = "$(inherited) @executable_path/Frameworks";
				PRODUCT_BUNDLE_IDENTIFIER = com.askari.CoolSchool;
				PRODUCT_NAME = "$(TARGET_NAME)";
				SWIFT_VERSION = 4.0;
				TARGETED_DEVICE_FAMILY = "1,2";
			};
			name = Release;
		};
		36906D361F86A44400CBD58C /* Debug */ = {
			isa = XCBuildConfiguration;
			buildSettings = {
				ALWAYS_EMBED_SWIFT_STANDARD_LIBRARIES = YES;
				BUNDLE_LOADER = "$(TEST_HOST)";
				CODE_SIGN_STYLE = Automatic;
				DEVELOPMENT_TEAM = GCDJ2647RH;
				INFOPLIST_FILE = CoolSchoolTests/Info.plist;
				LD_RUNPATH_SEARCH_PATHS = "$(inherited) @executable_path/Frameworks @loader_path/Frameworks";
				PRODUCT_BUNDLE_IDENTIFIER = com.askari.CoolSchoolTests;
				PRODUCT_NAME = "$(TARGET_NAME)";
				SWIFT_VERSION = 4.0;
				TARGETED_DEVICE_FAMILY = "1,2";
				TEST_HOST = "$(BUILT_PRODUCTS_DIR)/CoolSchool.app/CoolSchool";
			};
			name = Debug;
		};
		36906D371F86A44400CBD58C /* Release */ = {
			isa = XCBuildConfiguration;
			buildSettings = {
				ALWAYS_EMBED_SWIFT_STANDARD_LIBRARIES = YES;
				BUNDLE_LOADER = "$(TEST_HOST)";
				CODE_SIGN_STYLE = Automatic;
				DEVELOPMENT_TEAM = GCDJ2647RH;
				INFOPLIST_FILE = CoolSchoolTests/Info.plist;
				LD_RUNPATH_SEARCH_PATHS = "$(inherited) @executable_path/Frameworks @loader_path/Frameworks";
				PRODUCT_BUNDLE_IDENTIFIER = com.askari.CoolSchoolTests;
				PRODUCT_NAME = "$(TARGET_NAME)";
				SWIFT_VERSION = 4.0;
				TARGETED_DEVICE_FAMILY = "1,2";
				TEST_HOST = "$(BUILT_PRODUCTS_DIR)/CoolSchool.app/CoolSchool";
			};
			name = Release;
		};
		36906D391F86A44400CBD58C /* Debug */ = {
			isa = XCBuildConfiguration;
			buildSettings = {
				ALWAYS_EMBED_SWIFT_STANDARD_LIBRARIES = YES;
				CODE_SIGN_STYLE = Automatic;
				DEVELOPMENT_TEAM = GCDJ2647RH;
				INFOPLIST_FILE = CoolSchoolUITests/Info.plist;
				LD_RUNPATH_SEARCH_PATHS = "$(inherited) @executable_path/Frameworks @loader_path/Frameworks";
				PRODUCT_BUNDLE_IDENTIFIER = com.askari.CoolSchoolUITests;
				PRODUCT_NAME = "$(TARGET_NAME)";
				SWIFT_VERSION = 4.0;
				TARGETED_DEVICE_FAMILY = "1,2";
				TEST_TARGET_NAME = CoolSchool;
			};
			name = Debug;
		};
		36906D3A1F86A44400CBD58C /* Release */ = {
			isa = XCBuildConfiguration;
			buildSettings = {
				ALWAYS_EMBED_SWIFT_STANDARD_LIBRARIES = YES;
				CODE_SIGN_STYLE = Automatic;
				DEVELOPMENT_TEAM = GCDJ2647RH;
				INFOPLIST_FILE = CoolSchoolUITests/Info.plist;
				LD_RUNPATH_SEARCH_PATHS = "$(inherited) @executable_path/Frameworks @loader_path/Frameworks";
				PRODUCT_BUNDLE_IDENTIFIER = com.askari.CoolSchoolUITests;
				PRODUCT_NAME = "$(TARGET_NAME)";
				SWIFT_VERSION = 4.0;
				TARGETED_DEVICE_FAMILY = "1,2";
				TEST_TARGET_NAME = CoolSchool;
			};
			name = Release;
		};
/* End XCBuildConfiguration section */

/* Begin XCConfigurationList section */
		36906D051F86A44400CBD58C /* Build configuration list for PBXProject "CoolSchool" */ = {
			isa = XCConfigurationList;
			buildConfigurations = (
				36906D301F86A44400CBD58C /* Debug */,
				36906D311F86A44400CBD58C /* Release */,
			);
			defaultConfigurationIsVisible = 0;
			defaultConfigurationName = Release;
		};
		36906D321F86A44400CBD58C /* Build configuration list for PBXNativeTarget "CoolSchool" */ = {
			isa = XCConfigurationList;
			buildConfigurations = (
				36906D331F86A44400CBD58C /* Debug */,
				36906D341F86A44400CBD58C /* Release */,
			);
			defaultConfigurationIsVisible = 0;
			defaultConfigurationName = Release;
		};
		36906D351F86A44400CBD58C /* Build configuration list for PBXNativeTarget "CoolSchoolTests" */ = {
			isa = XCConfigurationList;
			buildConfigurations = (
				36906D361F86A44400CBD58C /* Debug */,
				36906D371F86A44400CBD58C /* Release */,
			);
			defaultConfigurationIsVisible = 0;
			defaultConfigurationName = Release;
		};
		36906D381F86A44400CBD58C /* Build configuration list for PBXNativeTarget "CoolSchoolUITests" */ = {
			isa = XCConfigurationList;
			buildConfigurations = (
				36906D391F86A44400CBD58C /* Debug */,
				36906D3A1F86A44400CBD58C /* Release */,
			);
			defaultConfigurationIsVisible = 0;
			defaultConfigurationName = Release;
		};
/* End XCConfigurationList section */
	};
	rootObject = 36906D021F86A44400CBD58C /* Project object */;
}
