// !$*UTF8*$!
{
	archiveVersion = 1;
	classes = {
	};
	objectVersion = 48;
	objects = {

/* Begin PBXBuildFile section */
		242CD10738014B00943F874A /* Pods_CoolSchool.framework in Frameworks */ = {isa = PBXBuildFile; fileRef = E28EBF04E14CEE1E0FA10F66 /* Pods_CoolSchool.framework */; };
		36189B331FBF3D1900AEB585 /* LaunchScreenVC.swift in Sources */ = {isa = PBXBuildFile; fileRef = 36189B321FBF3D1900AEB585 /* LaunchScreenVC.swift */; };
		36189B351FBF400D00AEB585 /* OpeningVideo.mp4 in Resources */ = {isa = PBXBuildFile; fileRef = 36189B341FBF3E3600AEB585 /* OpeningVideo.mp4 */; };
		362927651F9D1118000C78A4 /* IAPProduct.swift in Sources */ = {isa = PBXBuildFile; fileRef = 362927641F9D1118000C78A4 /* IAPProduct.swift */; };
		362927671F9D11C5000C78A4 /* IAPService.swift in Sources */ = {isa = PBXBuildFile; fileRef = 362927661F9D11C5000C78A4 /* IAPService.swift */; };
		3631F9A81FA76A160005282F /* StoreKit.framework in Frameworks */ = {isa = PBXBuildFile; fileRef = 3631F9A71FA76A160005282F /* StoreKit.framework */; };
		366327171F86BB460094BCBC /* AVPlayerVC.swift in Sources */ = {isa = PBXBuildFile; fileRef = 366327161F86BB460094BCBC /* AVPlayerVC.swift */; };
		36906D0E1F86A44400CBD58C /* AppDelegate.swift in Sources */ = {isa = PBXBuildFile; fileRef = 36906D0D1F86A44400CBD58C /* AppDelegate.swift */; };
		36906D101F86A44400CBD58C /* ViewController.swift in Sources */ = {isa = PBXBuildFile; fileRef = 36906D0F1F86A44400CBD58C /* ViewController.swift */; };
		36906D131F86A44400CBD58C /* Main.storyboard in Resources */ = {isa = PBXBuildFile; fileRef = 36906D111F86A44400CBD58C /* Main.storyboard */; };
		36906D151F86A44400CBD58C /* Assets.xcassets in Resources */ = {isa = PBXBuildFile; fileRef = 36906D141F86A44400CBD58C /* Assets.xcassets */; };
		36906D181F86A44400CBD58C /* LaunchScreen.storyboard in Resources */ = {isa = PBXBuildFile; fileRef = 36906D161F86A44400CBD58C /* LaunchScreen.storyboard */; };
		36906D231F86A44400CBD58C /* CoolSchoolTests.swift in Sources */ = {isa = PBXBuildFile; fileRef = 36906D221F86A44400CBD58C /* CoolSchoolTests.swift */; };
		36906D2E1F86A44400CBD58C /* CoolSchoolUITests.swift in Sources */ = {isa = PBXBuildFile; fileRef = 36906D2D1F86A44400CBD58C /* CoolSchoolUITests.swift */; };
		36D6FC971FB9C50600A80005 /* WebVC.swift in Sources */ = {isa = PBXBuildFile; fileRef = 36D6FC961FB9C50600A80005 /* WebVC.swift */; };
		36E219BE1FB97C31006EEC3B /* VideosCVCell.swift in Sources */ = {isa = PBXBuildFile; fileRef = 36E219BD1FB97C31006EEC3B /* VideosCVCell.swift */; };
		36E7DF221FB9A7A700FEF5B7 /* VideoVC.swift in Sources */ = {isa = PBXBuildFile; fileRef = 36E7DF211FB9A7A700FEF5B7 /* VideoVC.swift */; };
		578A02E61B67A248E59F3B5B /* Pods_CoolSchoolUITests.framework in Frameworks */ = {isa = PBXBuildFile; fileRef = 54389FD3F6B13142A8B76459 /* Pods_CoolSchoolUITests.framework */; };
		BA6F05D6279F04B3C0D07C27 /* Pods_CoolSchoolTests.framework in Frameworks */ = {isa = PBXBuildFile; fileRef = BCDF18FB93A84D5D6C0E04B6 /* Pods_CoolSchoolTests.framework */; };
/* End PBXBuildFile section */

/* Begin PBXContainerItemProxy section */
		36906D1F1F86A44400CBD58C /* PBXContainerItemProxy */ = {
			isa = PBXContainerItemProxy;
			containerPortal = 36906D021F86A44400CBD58C /* Project object */;
			proxyType = 1;
			remoteGlobalIDString = 36906D091F86A44400CBD58C;
			remoteInfo = CoolSchool;
		};
		36906D2A1F86A44400CBD58C /* PBXContainerItemProxy */ = {
			isa = PBXContainerItemProxy;
			containerPortal = 36906D021F86A44400CBD58C /* Project object */;
			proxyType = 1;
			remoteGlobalIDString = 36906D091F86A44400CBD58C;
			remoteInfo = CoolSchool;
		};
/* End PBXContainerItemProxy section */

/* Begin PBXFileReference section */
		283B38DB720108C98AE3CA82 /* Pods-CoolSchoolUITests.debug.xcconfig */ = {isa = PBXFileReference; includeInIndex = 1; lastKnownFileType = text.xcconfig; name = "Pods-CoolSchoolUITests.debug.xcconfig"; path = "Pods/Target Support Files/Pods-CoolSchoolUITests/Pods-CoolSchoolUITests.debug.xcconfig"; sourceTree = "<group>"; };
		2A2B9EA6FB4437470E33E9B4 /* Pods-CoolSchool.release.xcconfig */ = {isa = PBXFileReference; includeInIndex = 1; lastKnownFileType = text.xcconfig; name = "Pods-CoolSchool.release.xcconfig"; path = "Pods/Target Support Files/Pods-CoolSchool/Pods-CoolSchool.release.xcconfig"; sourceTree = "<group>"; };
		36189B321FBF3D1900AEB585 /* LaunchScreenVC.swift */ = {isa = PBXFileReference; lastKnownFileType = sourcecode.swift; path = LaunchScreenVC.swift; sourceTree = "<group>"; };
		36189B341FBF3E3600AEB585 /* OpeningVideo.mp4 */ = {isa = PBXFileReference; lastKnownFileType = file; path = OpeningVideo.mp4; sourceTree = "<group>"; };
		362927641F9D1118000C78A4 /* IAPProduct.swift */ = {isa = PBXFileReference; lastKnownFileType = sourcecode.swift; path = IAPProduct.swift; sourceTree = "<group>"; };
		362927661F9D11C5000C78A4 /* IAPService.swift */ = {isa = PBXFileReference; lastKnownFileType = sourcecode.swift; path = IAPService.swift; sourceTree = "<group>"; };
		3631D85A1F9D16D000A4EE85 /* CoolSchool.entitlements */ = {isa = PBXFileReference; lastKnownFileType = text.plist.entitlements; path = CoolSchool.entitlements; sourceTree = "<group>"; };
		3631F9A71FA76A160005282F /* StoreKit.framework */ = {isa = PBXFileReference; lastKnownFileType = wrapper.framework; name = StoreKit.framework; path = System/Library/Frameworks/StoreKit.framework; sourceTree = SDKROOT; };
		366327161F86BB460094BCBC /* AVPlayerVC.swift */ = {isa = PBXFileReference; lastKnownFileType = sourcecode.swift; path = AVPlayerVC.swift; sourceTree = "<group>"; };
		36906D0A1F86A44400CBD58C /* CoolSchool.app */ = {isa = PBXFileReference; explicitFileType = wrapper.application; includeInIndex = 0; path = CoolSchool.app; sourceTree = BUILT_PRODUCTS_DIR; };
		36906D0D1F86A44400CBD58C /* AppDelegate.swift */ = {isa = PBXFileReference; lastKnownFileType = sourcecode.swift; path = AppDelegate.swift; sourceTree = "<group>"; };
		36906D0F1F86A44400CBD58C /* ViewController.swift */ = {isa = PBXFileReference; lastKnownFileType = sourcecode.swift; path = ViewController.swift; sourceTree = "<group>"; };
		36906D121F86A44400CBD58C /* Base */ = {isa = PBXFileReference; lastKnownFileType = file.storyboard; name = Base; path = Base.lproj/Main.storyboard; sourceTree = "<group>"; };
		36906D141F86A44400CBD58C /* Assets.xcassets */ = {isa = PBXFileReference; lastKnownFileType = folder.assetcatalog; path = Assets.xcassets; sourceTree = "<group>"; };
		36906D171F86A44400CBD58C /* Base */ = {isa = PBXFileReference; lastKnownFileType = file.storyboard; name = Base; path = Base.lproj/LaunchScreen.storyboard; sourceTree = "<group>"; };
		36906D191F86A44400CBD58C /* Info.plist */ = {isa = PBXFileReference; lastKnownFileType = text.plist.xml; path = Info.plist; sourceTree = "<group>"; };
		36906D1E1F86A44400CBD58C /* CoolSchoolTests.xctest */ = {isa = PBXFileReference; explicitFileType = wrapper.cfbundle; includeInIndex = 0; path = CoolSchoolTests.xctest; sourceTree = BUILT_PRODUCTS_DIR; };
		36906D221F86A44400CBD58C /* CoolSchoolTests.swift */ = {isa = PBXFileReference; lastKnownFileType = sourcecode.swift; path = CoolSchoolTests.swift; sourceTree = "<group>"; };
		36906D241F86A44400CBD58C /* Info.plist */ = {isa = PBXFileReference; lastKnownFileType = text.plist.xml; path = Info.plist; sourceTree = "<group>"; };
		36906D291F86A44400CBD58C /* CoolSchoolUITests.xctest */ = {isa = PBXFileReference; explicitFileType = wrapper.cfbundle; includeInIndex = 0; path = CoolSchoolUITests.xctest; sourceTree = BUILT_PRODUCTS_DIR; };
		36906D2D1F86A44400CBD58C /* CoolSchoolUITests.swift */ = {isa = PBXFileReference; lastKnownFileType = sourcecode.swift; path = CoolSchoolUITests.swift; sourceTree = "<group>"; };
		36906D2F1F86A44400CBD58C /* Info.plist */ = {isa = PBXFileReference; lastKnownFileType = text.plist.xml; path = Info.plist; sourceTree = "<group>"; };
		36D6FC961FB9C50600A80005 /* WebVC.swift */ = {isa = PBXFileReference; lastKnownFileType = sourcecode.swift; path = WebVC.swift; sourceTree = "<group>"; };
		36E219BD1FB97C31006EEC3B /* VideosCVCell.swift */ = {isa = PBXFileReference; lastKnownFileType = sourcecode.swift; path = VideosCVCell.swift; sourceTree = "<group>"; };
		36E7DF211FB9A7A700FEF5B7 /* VideoVC.swift */ = {isa = PBXFileReference; lastKnownFileType = sourcecode.swift; path = VideoVC.swift; sourceTree = "<group>"; };
		54389FD3F6B13142A8B76459 /* Pods_CoolSchoolUITests.framework */ = {isa = PBXFileReference; explicitFileType = wrapper.framework; includeInIndex = 0; path = Pods_CoolSchoolUITests.framework; sourceTree = BUILT_PRODUCTS_DIR; };
		9C535265D11C7BED317D16F1 /* Pods-CoolSchool.debug.xcconfig */ = {isa = PBXFileReference; includeInIndex = 1; lastKnownFileType = text.xcconfig; name = "Pods-CoolSchool.debug.xcconfig"; path = "Pods/Target Support Files/Pods-CoolSchool/Pods-CoolSchool.debug.xcconfig"; sourceTree = "<group>"; };
		A8A7062A25E87F04B6B3C77C /* Pods-CoolSchoolUITests.release.xcconfig */ = {isa = PBXFileReference; includeInIndex = 1; lastKnownFileType = text.xcconfig; name = "Pods-CoolSchoolUITests.release.xcconfig"; path = "Pods/Target Support Files/Pods-CoolSchoolUITests/Pods-CoolSchoolUITests.release.xcconfig"; sourceTree = "<group>"; };
		BCDF18FB93A84D5D6C0E04B6 /* Pods_CoolSchoolTests.framework */ = {isa = PBXFileReference; explicitFileType = wrapper.framework; includeInIndex = 0; path = Pods_CoolSchoolTests.framework; sourceTree = BUILT_PRODUCTS_DIR; };
		BE2EEFA4974E59614194D3DD /* Pods-CoolSchoolTests.debug.xcconfig */ = {isa = PBXFileReference; includeInIndex = 1; lastKnownFileType = text.xcconfig; name = "Pods-CoolSchoolTests.debug.xcconfig"; path = "Pods/Target Support Files/Pods-CoolSchoolTests/Pods-CoolSchoolTests.debug.xcconfig"; sourceTree = "<group>"; };
		E28EBF04E14CEE1E0FA10F66 /* Pods_CoolSchool.framework */ = {isa = PBXFileReference; explicitFileType = wrapper.framework; includeInIndex = 0; path = Pods_CoolSchool.framework; sourceTree = BUILT_PRODUCTS_DIR; };
		F0F02A980D5CE49ADE2E15E6 /* Pods-CoolSchoolTests.release.xcconfig */ = {isa = PBXFileReference; includeInIndex = 1; lastKnownFileType = text.xcconfig; name = "Pods-CoolSchoolTests.release.xcconfig"; path = "Pods/Target Support Files/Pods-CoolSchoolTests/Pods-CoolSchoolTests.release.xcconfig"; sourceTree = "<group>"; };
/* End PBXFileReference section */

/* Begin PBXFrameworksBuildPhase section */
		36906D071F86A44400CBD58C /* Frameworks */ = {
			isa = PBXFrameworksBuildPhase;
			buildActionMask = 2147483647;
			files = (
				3631F9A81FA76A160005282F /* StoreKit.framework in Frameworks */,
				242CD10738014B00943F874A /* Pods_CoolSchool.framework in Frameworks */,
			);
			runOnlyForDeploymentPostprocessing = 0;
		};
		36906D1B1F86A44400CBD58C /* Frameworks */ = {
			isa = PBXFrameworksBuildPhase;
			buildActionMask = 2147483647;
			files = (
				BA6F05D6279F04B3C0D07C27 /* Pods_CoolSchoolTests.framework in Frameworks */,
			);
			runOnlyForDeploymentPostprocessing = 0;
		};
		36906D261F86A44400CBD58C /* Frameworks */ = {
			isa = PBXFrameworksBuildPhase;
			buildActionMask = 2147483647;
			files = (
				578A02E61B67A248E59F3B5B /* Pods_CoolSchoolUITests.framework in Frameworks */,
			);
			runOnlyForDeploymentPostprocessing = 0;
		};
/* End PBXFrameworksBuildPhase section */

/* Begin PBXGroup section */
		3631F9A41FA758500005282F /* Frameworks */ = {
			isa = PBXGroup;
			children = (
				3631F9A71FA76A160005282F /* StoreKit.framework */,
				E28EBF04E14CEE1E0FA10F66 /* Pods_CoolSchool.framework */,
				BCDF18FB93A84D5D6C0E04B6 /* Pods_CoolSchoolTests.framework */,
				54389FD3F6B13142A8B76459 /* Pods_CoolSchoolUITests.framework */,
			);
			name = Frameworks;
			sourceTree = "<group>";
		};
		36906D011F86A44400CBD58C = {
			isa = PBXGroup;
			children = (
				36906D0C1F86A44400CBD58C /* CoolSchool */,
				36906D211F86A44400CBD58C /* CoolSchoolTests */,
				36906D2C1F86A44400CBD58C /* CoolSchoolUITests */,
				36906D0B1F86A44400CBD58C /* Products */,
				3631F9A41FA758500005282F /* Frameworks */,
				A28F6A987860312DEC58F1C0 /* Pods */,
			);
			sourceTree = "<group>";
		};
		36906D0B1F86A44400CBD58C /* Products */ = {
			isa = PBXGroup;
			children = (
				36906D0A1F86A44400CBD58C /* CoolSchool.app */,
				36906D1E1F86A44400CBD58C /* CoolSchoolTests.xctest */,
				36906D291F86A44400CBD58C /* CoolSchoolUITests.xctest */,
			);
			name = Products;
			sourceTree = "<group>";
		};
		36906D0C1F86A44400CBD58C /* CoolSchool */ = {
			isa = PBXGroup;
			children = (
				3631D85A1F9D16D000A4EE85 /* CoolSchool.entitlements */,
				36906D0D1F86A44400CBD58C /* AppDelegate.swift */,
				36906D0F1F86A44400CBD58C /* ViewController.swift */,
				36906D111F86A44400CBD58C /* Main.storyboard */,
				36906D141F86A44400CBD58C /* Assets.xcassets */,
				36906D161F86A44400CBD58C /* LaunchScreen.storyboard */,
				36906D191F86A44400CBD58C /* Info.plist */,
				366327161F86BB460094BCBC /* AVPlayerVC.swift */,
				362927641F9D1118000C78A4 /* IAPProduct.swift */,
				362927661F9D11C5000C78A4 /* IAPService.swift */,
				36E219BD1FB97C31006EEC3B /* VideosCVCell.swift */,
				36E7DF211FB9A7A700FEF5B7 /* VideoVC.swift */,
				36D6FC961FB9C50600A80005 /* WebVC.swift */,
				36189B321FBF3D1900AEB585 /* LaunchScreenVC.swift */,
				36189B341FBF3E3600AEB585 /* OpeningVideo.mp4 */,
			);
			path = CoolSchool;
			sourceTree = "<group>";
		};
		36906D211F86A44400CBD58C /* CoolSchoolTests */ = {
			isa = PBXGroup;
			children = (
				36906D221F86A44400CBD58C /* CoolSchoolTests.swift */,
				36906D241F86A44400CBD58C /* Info.plist */,
			);
			path = CoolSchoolTests;
			sourceTree = "<group>";
		};
		36906D2C1F86A44400CBD58C /* CoolSchoolUITests */ = {
			isa = PBXGroup;
			children = (
				36906D2D1F86A44400CBD58C /* CoolSchoolUITests.swift */,
				36906D2F1F86A44400CBD58C /* Info.plist */,
			);
			path = CoolSchoolUITests;
			sourceTree = "<group>";
		};
		A28F6A987860312DEC58F1C0 /* Pods */ = {
			isa = PBXGroup;
			children = (
				9C535265D11C7BED317D16F1 /* Pods-CoolSchool.debug.xcconfig */,
				2A2B9EA6FB4437470E33E9B4 /* Pods-CoolSchool.release.xcconfig */,
				BE2EEFA4974E59614194D3DD /* Pods-CoolSchoolTests.debug.xcconfig */,
				F0F02A980D5CE49ADE2E15E6 /* Pods-CoolSchoolTests.release.xcconfig */,
				283B38DB720108C98AE3CA82 /* Pods-CoolSchoolUITests.debug.xcconfig */,
				A8A7062A25E87F04B6B3C77C /* Pods-CoolSchoolUITests.release.xcconfig */,
			);
			name = Pods;
			sourceTree = "<group>";
		};
/* End PBXGroup section */

/* Begin PBXNativeTarget section */
		36906D091F86A44400CBD58C /* CoolSchool */ = {
			isa = PBXNativeTarget;
			buildConfigurationList = 36906D321F86A44400CBD58C /* Build configuration list for PBXNativeTarget "CoolSchool" */;
			buildPhases = (
				EC07BFAD2C2370949D97A13E /* [CP] Check Pods Manifest.lock */,
				36906D061F86A44400CBD58C /* Sources */,
				36906D071F86A44400CBD58C /* Frameworks */,
				36906D081F86A44400CBD58C /* Resources */,
				D96E6E45EC95CA1A1EF6AA33 /* [CP] Embed Pods Frameworks */,
				94D00978889164EDC332AF83 /* [CP] Copy Pods Resources */,
				36189B361FBF46F300AEB585 /* ShellScript */,
			);
			buildRules = (
			);
			dependencies = (
			);
			name = CoolSchool;
			productName = CoolSchool;
			productReference = 36906D0A1F86A44400CBD58C /* CoolSchool.app */;
			productType = "com.apple.product-type.application";
		};
		36906D1D1F86A44400CBD58C /* CoolSchoolTests */ = {
			isa = PBXNativeTarget;
			buildConfigurationList = 36906D351F86A44400CBD58C /* Build configuration list for PBXNativeTarget "CoolSchoolTests" */;
			buildPhases = (
				C6DB8F786D0EB8D1859F5978 /* [CP] Check Pods Manifest.lock */,
				36906D1A1F86A44400CBD58C /* Sources */,
				36906D1B1F86A44400CBD58C /* Frameworks */,
				36906D1C1F86A44400CBD58C /* Resources */,
				EA6D6FA1753DC3004DCCA90C /* [CP] Embed Pods Frameworks */,
				17B1DB516C7FAA941273278C /* [CP] Copy Pods Resources */,
			);
			buildRules = (
			);
			dependencies = (
				36906D201F86A44400CBD58C /* PBXTargetDependency */,
			);
			name = CoolSchoolTests;
			productName = CoolSchoolTests;
			productReference = 36906D1E1F86A44400CBD58C /* CoolSchoolTests.xctest */;
			productType = "com.apple.product-type.bundle.unit-test";
		};
		36906D281F86A44400CBD58C /* CoolSchoolUITests */ = {
			isa = PBXNativeTarget;
			buildConfigurationList = 36906D381F86A44400CBD58C /* Build configuration list for PBXNativeTarget "CoolSchoolUITests" */;
			buildPhases = (
				E3E63D20BF81A7B124EAE772 /* [CP] Check Pods Manifest.lock */,
				36906D251F86A44400CBD58C /* Sources */,
				36906D261F86A44400CBD58C /* Frameworks */,
				36906D271F86A44400CBD58C /* Resources */,
				9DF8943C4FC2126CB048CE25 /* [CP] Embed Pods Frameworks */,
				14AC9FC2C47C40CC1D52910F /* [CP] Copy Pods Resources */,
			);
			buildRules = (
			);
			dependencies = (
				36906D2B1F86A44400CBD58C /* PBXTargetDependency */,
			);
			name = CoolSchoolUITests;
			productName = CoolSchoolUITests;
			productReference = 36906D291F86A44400CBD58C /* CoolSchoolUITests.xctest */;
			productType = "com.apple.product-type.bundle.ui-testing";
		};
/* End PBXNativeTarget section */

/* Begin PBXProject section */
		36906D021F86A44400CBD58C /* Project object */ = {
			isa = PBXProject;
			attributes = {
				LastSwiftUpdateCheck = 0900;
				LastUpgradeCheck = 0900;
				ORGANIZATIONNAME = "Syed Askari";
				TargetAttributes = {
					36906D091F86A44400CBD58C = {
						CreatedOnToolsVersion = 9.0;
						LastSwiftMigration = 0830;
						ProvisioningStyle = Automatic;
						SystemCapabilities = {
							com.apple.ApplePay = {
								enabled = 0;
							};
							com.apple.InAppPurchase = {
								enabled = 1;
							};
						};
					};
					36906D1D1F86A44400CBD58C = {
						CreatedOnToolsVersion = 9.0;
						ProvisioningStyle = Automatic;
						TestTargetID = 36906D091F86A44400CBD58C;
					};
					36906D281F86A44400CBD58C = {
						CreatedOnToolsVersion = 9.0;
						ProvisioningStyle = Automatic;
						TestTargetID = 36906D091F86A44400CBD58C;
					};
				};
			};
			buildConfigurationList = 36906D051F86A44400CBD58C /* Build configuration list for PBXProject "CoolSchool" */;
			compatibilityVersion = "Xcode 8.0";
			developmentRegion = en;
			hasScannedForEncodings = 0;
			knownRegions = (
				en,
				Base,
			);
			mainGroup = 36906D011F86A44400CBD58C;
			productRefGroup = 36906D0B1F86A44400CBD58C /* Products */;
			projectDirPath = "";
			projectRoot = "";
			targets = (
				36906D091F86A44400CBD58C /* CoolSchool */,
				36906D1D1F86A44400CBD58C /* CoolSchoolTests */,
				36906D281F86A44400CBD58C /* CoolSchoolUITests */,
			);
		};
/* End PBXProject section */

/* Begin PBXResourcesBuildPhase section */
		36906D081F86A44400CBD58C /* Resources */ = {
			isa = PBXResourcesBuildPhase;
			buildActionMask = 2147483647;
			files = (
				36189B351FBF400D00AEB585 /* OpeningVideo.mp4 in Resources */,
				36906D181F86A44400CBD58C /* LaunchScreen.storyboard in Resources */,
				36906D151F86A44400CBD58C /* Assets.xcassets in Resources */,
				36906D131F86A44400CBD58C /* Main.storyboard in Resources */,
			);
			runOnlyForDeploymentPostprocessing = 0;
		};
		36906D1C1F86A44400CBD58C /* Resources */ = {
			isa = PBXResourcesBuildPhase;
			buildActionMask = 2147483647;
			files = (
			);
			runOnlyForDeploymentPostprocessing = 0;
		};
		36906D271F86A44400CBD58C /* Resources */ = {
			isa = PBXResourcesBuildPhase;
			buildActionMask = 2147483647;
			files = (
			);
			runOnlyForDeploymentPostprocessing = 0;
		};
/* End PBXResourcesBuildPhase section */

/* Begin PBXShellScriptBuildPhase section */
		14AC9FC2C47C40CC1D52910F /* [CP] Copy Pods Resources */ = {
			isa = PBXShellScriptBuildPhase;
			buildActionMask = 2147483647;
			files = (
			);
			inputPaths = (
			);
			name = "[CP] Copy Pods Resources";
			outputPaths = (
			);
			runOnlyForDeploymentPostprocessing = 0;
			shellPath = /bin/sh;
			shellScript = "\"${SRCROOT}/Pods/Target Support Files/Pods-CoolSchoolUITests/Pods-CoolSchoolUITests-resources.sh\"\n";
			showEnvVarsInLog = 0;
		};
		17B1DB516C7FAA941273278C /* [CP] Copy Pods Resources */ = {
			isa = PBXShellScriptBuildPhase;
			buildActionMask = 2147483647;
			files = (
			);
			inputPaths = (
			);
			name = "[CP] Copy Pods Resources";
			outputPaths = (
			);
			runOnlyForDeploymentPostprocessing = 0;
			shellPath = /bin/sh;
			shellScript = "\"${SRCROOT}/Pods/Target Support Files/Pods-CoolSchoolTests/Pods-CoolSchoolTests-resources.sh\"\n";
			showEnvVarsInLog = 0;
		};
		36189B361FBF46F300AEB585 /* ShellScript */ = {
			isa = PBXShellScriptBuildPhase;
			buildActionMask = 2147483647;
			files = (
			);
			inputPaths = (
			);
			outputPaths = (
			);
			runOnlyForDeploymentPostprocessing = 0;
			shellPath = /bin/bash;
			shellScript = "if which sentry-cli >/dev/null; then\nexport SENTRY_ORG=askari\nexport SENTRY_PROJECT=cool-school\nexport SENTRY_AUTH_TOKEN=e6213731477a483f96fc74f587e7757705b50c3f106040cf9ecbd55e97bcddc6\nERROR=$(sentry-cli upload-dsym 2>&1 >/dev/null)\nif [ ! $? -eq 0 ]; then\necho \"warning: sentry-cli - $ERROR\"\nfi\nelse\necho \"warning: sentry-cli not installed, download from https://github.com/getsentry/sentry-cli/releases\"\nfi";
		};
		94D00978889164EDC332AF83 /* [CP] Copy Pods Resources */ = {
			isa = PBXShellScriptBuildPhase;
			buildActionMask = 2147483647;
			files = (
			);
			inputPaths = (
			);
			name = "[CP] Copy Pods Resources";
			outputPaths = (
			);
			runOnlyForDeploymentPostprocessing = 0;
			shellPath = /bin/sh;
			shellScript = "\"${SRCROOT}/Pods/Target Support Files/Pods-CoolSchool/Pods-CoolSchool-resources.sh\"\n";
			showEnvVarsInLog = 0;
		};
		9DF8943C4FC2126CB048CE25 /* [CP] Embed Pods Frameworks */ = {
			isa = PBXShellScriptBuildPhase;
			buildActionMask = 2147483647;
			files = (
			);
			inputPaths = (
			);
			name = "[CP] Embed Pods Frameworks";
			outputPaths = (
			);
			runOnlyForDeploymentPostprocessing = 0;
			shellPath = /bin/sh;
			shellScript = "\"${SRCROOT}/Pods/Target Support Files/Pods-CoolSchoolUITests/Pods-CoolSchoolUITests-frameworks.sh\"\n";
			showEnvVarsInLog = 0;
		};
		C6DB8F786D0EB8D1859F5978 /* [CP] Check Pods Manifest.lock */ = {
			isa = PBXShellScriptBuildPhase;
			buildActionMask = 2147483647;
			files = (
			);
			inputPaths = (
				"${PODS_PODFILE_DIR_PATH}/Podfile.lock",
				"${PODS_ROOT}/Manifest.lock",
			);
			name = "[CP] Check Pods Manifest.lock";
			outputPaths = (
				"$(DERIVED_FILE_DIR)/Pods-CoolSchoolTests-checkManifestLockResult.txt",
			);
			runOnlyForDeploymentPostprocessing = 0;
			shellPath = /bin/sh;
			shellScript = "diff \"${PODS_PODFILE_DIR_PATH}/Podfile.lock\" \"${PODS_ROOT}/Manifest.lock\" > /dev/null\nif [ $? != 0 ] ; then\n    # print error to STDERR\n    echo \"error: The sandbox is not in sync with the Podfile.lock. Run 'pod install' or update your CocoaPods installation.\" >&2\n    exit 1\nfi\n# This output is used by Xcode 'outputs' to avoid re-running this script phase.\necho \"SUCCESS\" > \"${SCRIPT_OUTPUT_FILE_0}\"\n";
			showEnvVarsInLog = 0;
		};
		D96E6E45EC95CA1A1EF6AA33 /* [CP] Embed Pods Frameworks */ = {
			isa = PBXShellScriptBuildPhase;
			buildActionMask = 2147483647;
			files = (
			);
			inputPaths = (
				"${SRCROOT}/Pods/Target Support Files/Pods-CoolSchool/Pods-CoolSchool-frameworks.sh",
				"${BUILT_PRODUCTS_DIR}/KSCrash/KSCrash.framework",
				"${BUILT_PRODUCTS_DIR}/Kingfisher/Kingfisher.framework",
				"${BUILT_PRODUCTS_DIR}/Sentry/Sentry.framework",
				"${BUILT_PRODUCTS_DIR}/YouTubePlayer/YouTubePlayer.framework",
			);
			name = "[CP] Embed Pods Frameworks";
			outputPaths = (
				"${TARGET_BUILD_DIR}/${FRAMEWORKS_FOLDER_PATH}/KSCrash.framework",
				"${TARGET_BUILD_DIR}/${FRAMEWORKS_FOLDER_PATH}/Kingfisher.framework",
				"${TARGET_BUILD_DIR}/${FRAMEWORKS_FOLDER_PATH}/Sentry.framework",
				"${TARGET_BUILD_DIR}/${FRAMEWORKS_FOLDER_PATH}/YouTubePlayer.framework",
			);
			runOnlyForDeploymentPostprocessing = 0;
			shellPath = /bin/sh;
			shellScript = "\"${SRCROOT}/Pods/Target Support Files/Pods-CoolSchool/Pods-CoolSchool-frameworks.sh\"\n";
			showEnvVarsInLog = 0;
		};
		E3E63D20BF81A7B124EAE772 /* [CP] Check Pods Manifest.lock */ = {
			isa = PBXShellScriptBuildPhase;
			buildActionMask = 2147483647;
			files = (
			);
			inputPaths = (
				"${PODS_PODFILE_DIR_PATH}/Podfile.lock",
				"${PODS_ROOT}/Manifest.lock",
			);
			name = "[CP] Check Pods Manifest.lock";
			outputPaths = (
				"$(DERIVED_FILE_DIR)/Pods-CoolSchoolUITests-checkManifestLockResult.txt",
			);
			runOnlyForDeploymentPostprocessing = 0;
			shellPath = /bin/sh;
			shellScript = "diff \"${PODS_PODFILE_DIR_PATH}/Podfile.lock\" \"${PODS_ROOT}/Manifest.lock\" > /dev/null\nif [ $? != 0 ] ; then\n    # print error to STDERR\n    echo \"error: The sandbox is not in sync with the Podfile.lock. Run 'pod install' or update your CocoaPods installation.\" >&2\n    exit 1\nfi\n# This output is used by Xcode 'outputs' to avoid re-running this script phase.\necho \"SUCCESS\" > \"${SCRIPT_OUTPUT_FILE_0}\"\n";
			showEnvVarsInLog = 0;
		};
		EA6D6FA1753DC3004DCCA90C /* [CP] Embed Pods Frameworks */ = {
			isa = PBXShellScriptBuildPhase;
			buildActionMask = 2147483647;
			files = (
			);
			inputPaths = (
			);
			name = "[CP] Embed Pods Frameworks";
			outputPaths = (
			);
			runOnlyForDeploymentPostprocessing = 0;
			shellPath = /bin/sh;
			shellScript = "\"${SRCROOT}/Pods/Target Support Files/Pods-CoolSchoolTests/Pods-CoolSchoolTests-frameworks.sh\"\n";
			showEnvVarsInLog = 0;
		};
		EC07BFAD2C2370949D97A13E /* [CP] Check Pods Manifest.lock */ = {
			isa = PBXShellScriptBuildPhase;
			buildActionMask = 2147483647;
			files = (
			);
			inputPaths = (
				"${PODS_PODFILE_DIR_PATH}/Podfile.lock",
				"${PODS_ROOT}/Manifest.lock",
			);
			name = "[CP] Check Pods Manifest.lock";
			outputPaths = (
				"$(DERIVED_FILE_DIR)/Pods-CoolSchool-checkManifestLockResult.txt",
			);
			runOnlyForDeploymentPostprocessing = 0;
			shellPath = /bin/sh;
			shellScript = "diff \"${PODS_PODFILE_DIR_PATH}/Podfile.lock\" \"${PODS_ROOT}/Manifest.lock\" > /dev/null\nif [ $? != 0 ] ; then\n    # print error to STDERR\n    echo \"error: The sandbox is not in sync with the Podfile.lock. Run 'pod install' or update your CocoaPods installation.\" >&2\n    exit 1\nfi\n# This output is used by Xcode 'outputs' to avoid re-running this script phase.\necho \"SUCCESS\" > \"${SCRIPT_OUTPUT_FILE_0}\"\n";
			showEnvVarsInLog = 0;
		};
/* End PBXShellScriptBuildPhase section */

/* Begin PBXSourcesBuildPhase section */
		36906D061F86A44400CBD58C /* Sources */ = {
			isa = PBXSourcesBuildPhase;
			buildActionMask = 2147483647;
			files = (
				36906D101F86A44400CBD58C /* ViewController.swift in Sources */,
				362927671F9D11C5000C78A4 /* IAPService.swift in Sources */,
				36E219BE1FB97C31006EEC3B /* VideosCVCell.swift in Sources */,
				36906D0E1F86A44400CBD58C /* AppDelegate.swift in Sources */,
				36E7DF221FB9A7A700FEF5B7 /* VideoVC.swift in Sources */,
				36189B331FBF3D1900AEB585 /* LaunchScreenVC.swift in Sources */,
				36D6FC971FB9C50600A80005 /* WebVC.swift in Sources */,
				362927651F9D1118000C78A4 /* IAPProduct.swift in Sources */,
				366327171F86BB460094BCBC /* AVPlayerVC.swift in Sources */,
			);
			runOnlyForDeploymentPostprocessing = 0;
		};
		36906D1A1F86A44400CBD58C /* Sources */ = {
			isa = PBXSourcesBuildPhase;
			buildActionMask = 2147483647;
			files = (
				36906D231F86A44400CBD58C /* CoolSchoolTests.swift in Sources */,
			);
			runOnlyForDeploymentPostprocessing = 0;
		};
		36906D251F86A44400CBD58C /* Sources */ = {
			isa = PBXSourcesBuildPhase;
			buildActionMask = 2147483647;
			files = (
				36906D2E1F86A44400CBD58C /* CoolSchoolUITests.swift in Sources */,
			);
			runOnlyForDeploymentPostprocessing = 0;
		};
/* End PBXSourcesBuildPhase section */

/* Begin PBXTargetDependency section */
		36906D201F86A44400CBD58C /* PBXTargetDependency */ = {
			isa = PBXTargetDependency;
			target = 36906D091F86A44400CBD58C /* CoolSchool */;
			targetProxy = 36906D1F1F86A44400CBD58C /* PBXContainerItemProxy */;
		};
		36906D2B1F86A44400CBD58C /* PBXTargetDependency */ = {
			isa = PBXTargetDependency;
			target = 36906D091F86A44400CBD58C /* CoolSchool */;
			targetProxy = 36906D2A1F86A44400CBD58C /* PBXContainerItemProxy */;
		};
/* End PBXTargetDependency section */

/* Begin PBXVariantGroup section */
		36906D111F86A44400CBD58C /* Main.storyboard */ = {
			isa = PBXVariantGroup;
			children = (
				36906D121F86A44400CBD58C /* Base */,
			);
			name = Main.storyboard;
			sourceTree = "<group>";
		};
		36906D161F86A44400CBD58C /* LaunchScreen.storyboard */ = {
			isa = PBXVariantGroup;
			children = (
				36906D171F86A44400CBD58C /* Base */,
			);
			name = LaunchScreen.storyboard;
			sourceTree = "<group>";
		};
/* End PBXVariantGroup section */

/* Begin XCBuildConfiguration section */
		36906D301F86A44400CBD58C /* Debug */ = {
			isa = XCBuildConfiguration;
			buildSettings = {
				ALWAYS_SEARCH_USER_PATHS = NO;
				CLANG_ANALYZER_NONNULL = YES;
				CLANG_ANALYZER_NUMBER_OBJECT_CONVERSION = YES_AGGRESSIVE;
				CLANG_CXX_LANGUAGE_STANDARD = "gnu++14";
				CLANG_CXX_LIBRARY = "libc++";
				CLANG_ENABLE_MODULES = YES;
				CLANG_ENABLE_OBJC_ARC = YES;
				CLANG_WARN_BLOCK_CAPTURE_AUTORELEASING = YES;
				CLANG_WARN_BOOL_CONVERSION = YES;
				CLANG_WARN_COMMA = YES;
				CLANG_WARN_CONSTANT_CONVERSION = YES;
				CLANG_WARN_DIRECT_OBJC_ISA_USAGE = YES_ERROR;
				CLANG_WARN_DOCUMENTATION_COMMENTS = YES;
				CLANG_WARN_EMPTY_BODY = YES;
				CLANG_WARN_ENUM_CONVERSION = YES;
				CLANG_WARN_INFINITE_RECURSION = YES;
				CLANG_WARN_INT_CONVERSION = YES;
				CLANG_WARN_NON_LITERAL_NULL_CONVERSION = YES;
				CLANG_WARN_OBJC_LITERAL_CONVERSION = YES;
				CLANG_WARN_OBJC_ROOT_CLASS = YES_ERROR;
				CLANG_WARN_RANGE_LOOP_ANALYSIS = YES;
				CLANG_WARN_STRICT_PROTOTYPES = YES;
				CLANG_WARN_SUSPICIOUS_MOVE = YES;
				CLANG_WARN_UNGUARDED_AVAILABILITY = YES_AGGRESSIVE;
				CLANG_WARN_UNREACHABLE_CODE = YES;
				CLANG_WARN__DUPLICATE_METHOD_MATCH = YES;
				CODE_SIGN_IDENTITY = "iPhone Developer";
				COPY_PHASE_STRIP = NO;
				DEBUG_INFORMATION_FORMAT = dwarf;
				ENABLE_STRICT_OBJC_MSGSEND = YES;
				ENABLE_TESTABILITY = YES;
				GCC_C_LANGUAGE_STANDARD = gnu11;
				GCC_DYNAMIC_NO_PIC = NO;
				GCC_NO_COMMON_BLOCKS = YES;
				GCC_OPTIMIZATION_LEVEL = 0;
				GCC_PREPROCESSOR_DEFINITIONS = (
					"DEBUG=1",
					"$(inherited)",
				);
				GCC_WARN_64_TO_32_BIT_CONVERSION = YES;
				GCC_WARN_ABOUT_RETURN_TYPE = YES_ERROR;
				GCC_WARN_UNDECLARED_SELECTOR = YES;
				GCC_WARN_UNINITIALIZED_AUTOS = YES_AGGRESSIVE;
				GCC_WARN_UNUSED_FUNCTION = YES;
				GCC_WARN_UNUSED_VARIABLE = YES;
				IPHONEOS_DEPLOYMENT_TARGET = 10.0;
				MTL_ENABLE_DEBUG_INFO = YES;
				ONLY_ACTIVE_ARCH = YES;
				SDKROOT = iphoneos;
				SWIFT_ACTIVE_COMPILATION_CONDITIONS = DEBUG;
				SWIFT_OPTIMIZATION_LEVEL = "-Onone";
				SWIFT_VERSION = 3.0;
			};
			name = Debug;
		};
		36906D311F86A44400CBD58C /* Release */ = {
			isa = XCBuildConfiguration;
			buildSettings = {
				ALWAYS_SEARCH_USER_PATHS = NO;
				CLANG_ANALYZER_NONNULL = YES;
				CLANG_ANALYZER_NUMBER_OBJECT_CONVERSION = YES_AGGRESSIVE;
				CLANG_CXX_LANGUAGE_STANDARD = "gnu++14";
				CLANG_CXX_LIBRARY = "libc++";
				CLANG_ENABLE_MODULES = YES;
				CLANG_ENABLE_OBJC_ARC = YES;
				CLANG_WARN_BLOCK_CAPTURE_AUTORELEASING = YES;
				CLANG_WARN_BOOL_CONVERSION = YES;
				CLANG_WARN_COMMA = YES;
				CLANG_WARN_CONSTANT_CONVERSION = YES;
				CLANG_WARN_DIRECT_OBJC_ISA_USAGE = YES_ERROR;
				CLANG_WARN_DOCUMENTATION_COMMENTS = YES;
				CLANG_WARN_EMPTY_BODY = YES;
				CLANG_WARN_ENUM_CONVERSION = YES;
				CLANG_WARN_INFINITE_RECURSION = YES;
				CLANG_WARN_INT_CONVERSION = YES;
				CLANG_WARN_NON_LITERAL_NULL_CONVERSION = YES;
				CLANG_WARN_OBJC_LITERAL_CONVERSION = YES;
				CLANG_WARN_OBJC_ROOT_CLASS = YES_ERROR;
				CLANG_WARN_RANGE_LOOP_ANALYSIS = YES;
				CLANG_WARN_STRICT_PROTOTYPES = YES;
				CLANG_WARN_SUSPICIOUS_MOVE = YES;
				CLANG_WARN_UNGUARDED_AVAILABILITY = YES_AGGRESSIVE;
				CLANG_WARN_UNREACHABLE_CODE = YES;
				CLANG_WARN__DUPLICATE_METHOD_MATCH = YES;
				CODE_SIGN_IDENTITY = "iPhone Developer";
				COPY_PHASE_STRIP = NO;
				DEBUG_INFORMATION_FORMAT = "dwarf-with-dsym";
				ENABLE_NS_ASSERTIONS = NO;
				ENABLE_STRICT_OBJC_MSGSEND = YES;
				GCC_C_LANGUAGE_STANDARD = gnu11;
				GCC_NO_COMMON_BLOCKS = YES;
				GCC_WARN_64_TO_32_BIT_CONVERSION = YES;
				GCC_WARN_ABOUT_RETURN_TYPE = YES_ERROR;
				GCC_WARN_UNDECLARED_SELECTOR = YES;
				GCC_WARN_UNINITIALIZED_AUTOS = YES_AGGRESSIVE;
				GCC_WARN_UNUSED_FUNCTION = YES;
				GCC_WARN_UNUSED_VARIABLE = YES;
				IPHONEOS_DEPLOYMENT_TARGET = 10.0;
				MTL_ENABLE_DEBUG_INFO = NO;
				SDKROOT = iphoneos;
				SWIFT_OPTIMIZATION_LEVEL = "-Owholemodule";
				SWIFT_VERSION = 3.0;
				VALIDATE_PRODUCT = YES;
			};
			name = Release;
		};
		36906D331F86A44400CBD58C /* Debug */ = {
			isa = XCBuildConfiguration;
			baseConfigurationReference = 9C535265D11C7BED317D16F1 /* Pods-CoolSchool.debug.xcconfig */;
			buildSettings = {
				ASSETCATALOG_COMPILER_APPICON_NAME = AppIcon;
				CODE_SIGN_STYLE = Automatic;
				DEVELOPMENT_TEAM = 5FKYVPQPX6;
				INFOPLIST_FILE = CoolSchool/Info.plist;
				IPHONEOS_DEPLOYMENT_TARGET = 10.0;
				LD_RUNPATH_SEARCH_PATHS = "$(inherited) @executable_path/Frameworks";
				PRODUCT_BUNDLE_IDENTIFIER = com.DDH.CoolSchool;
				PRODUCT_NAME = "$(TARGET_NAME)";
				SWIFT_VERSION = 3.0;
				TARGETED_DEVICE_FAMILY = "1,2";
			};
			name = Debug;
		};
		36906D341F86A44400CBD58C /* Release */ = {
			isa = XCBuildConfiguration;
			baseConfigurationReference = 2A2B9EA6FB4437470E33E9B4 /* Pods-CoolSchool.release.xcconfig */;
			buildSettings = {
				ASSETCATALOG_COMPILER_APPICON_NAME = AppIcon;
				CODE_SIGN_STYLE = Automatic;
				DEVELOPMENT_TEAM = 5FKYVPQPX6;
				INFOPLIST_FILE = CoolSchool/Info.plist;
				IPHONEOS_DEPLOYMENT_TARGET = 10.0;
				LD_RUNPATH_SEARCH_PATHS = "$(inherited) @executable_path/Frameworks";
				PRODUCT_BUNDLE_IDENTIFIER = com.DDH.CoolSchool;
				PRODUCT_NAME = "$(TARGET_NAME)";
				SWIFT_VERSION = 3.0;
				TARGETED_DEVICE_FAMILY = "1,2";
			};
			name = Release;
		};
		36906D361F86A44400CBD58C /* Debug */ = {
			isa = XCBuildConfiguration;
			baseConfigurationReference = BE2EEFA4974E59614194D3DD /* Pods-CoolSchoolTests.debug.xcconfig */;
			buildSettings = {
				ALWAYS_EMBED_SWIFT_STANDARD_LIBRARIES = YES;
				BUNDLE_LOADER = "$(TEST_HOST)";
				CODE_SIGN_STYLE = Automatic;
				DEVELOPMENT_TEAM = GCDJ2647RH;
				INFOPLIST_FILE = CoolSchoolTests/Info.plist;
				IPHONEOS_DEPLOYMENT_TARGET = 10.0;
				LD_RUNPATH_SEARCH_PATHS = "$(inherited) @executable_path/Frameworks @loader_path/Frameworks";
				PRODUCT_BUNDLE_IDENTIFIER = com.askari.CoolSchoolTests;
				PRODUCT_NAME = "$(TARGET_NAME)";
				SWIFT_VERSION = 3.0;
				TARGETED_DEVICE_FAMILY = "1,2";
				TEST_HOST = "$(BUILT_PRODUCTS_DIR)/CoolSchool.app/CoolSchool";
			};
			name = Debug;
		};
		36906D371F86A44400CBD58C /* Release */ = {
			isa = XCBuildConfiguration;
			baseConfigurationReference = F0F02A980D5CE49ADE2E15E6 /* Pods-CoolSchoolTests.release.xcconfig */;
			buildSettings = {
				ALWAYS_EMBED_SWIFT_STANDARD_LIBRARIES = YES;
				BUNDLE_LOADER = "$(TEST_HOST)";
				CODE_SIGN_STYLE = Automatic;
				DEVELOPMENT_TEAM = GCDJ2647RH;
				INFOPLIST_FILE = CoolSchoolTests/Info.plist;
				IPHONEOS_DEPLOYMENT_TARGET = 10.0;
				LD_RUNPATH_SEARCH_PATHS = "$(inherited) @executable_path/Frameworks @loader_path/Frameworks";
				PRODUCT_BUNDLE_IDENTIFIER = com.askari.CoolSchoolTests;
				PRODUCT_NAME = "$(TARGET_NAME)";
				SWIFT_VERSION = 3.0;
				TARGETED_DEVICE_FAMILY = "1,2";
				TEST_HOST = "$(BUILT_PRODUCTS_DIR)/CoolSchool.app/CoolSchool";
			};
			name = Release;
		};
		36906D391F86A44400CBD58C /* Debug */ = {
			isa = XCBuildConfiguration;
			baseConfigurationReference = 283B38DB720108C98AE3CA82 /* Pods-CoolSchoolUITests.debug.xcconfig */;
			buildSettings = {
				ALWAYS_EMBED_SWIFT_STANDARD_LIBRARIES = YES;
				CODE_SIGN_STYLE = Automatic;
				DEVELOPMENT_TEAM = GCDJ2647RH;
				INFOPLIST_FILE = CoolSchoolUITests/Info.plist;
				IPHONEOS_DEPLOYMENT_TARGET = 10.0;
				LD_RUNPATH_SEARCH_PATHS = "$(inherited) @executable_path/Frameworks @loader_path/Frameworks";
				PRODUCT_BUNDLE_IDENTIFIER = com.askari.CoolSchoolUITests;
				PRODUCT_NAME = "$(TARGET_NAME)";
				SWIFT_VERSION = 3.0;
				TARGETED_DEVICE_FAMILY = "1,2";
				TEST_TARGET_NAME = CoolSchool;
			};
			name = Debug;
		};
		36906D3A1F86A44400CBD58C /* Release */ = {
			isa = XCBuildConfiguration;
			baseConfigurationReference = A8A7062A25E87F04B6B3C77C /* Pods-CoolSchoolUITests.release.xcconfig */;
			buildSettings = {
				ALWAYS_EMBED_SWIFT_STANDARD_LIBRARIES = YES;
				CODE_SIGN_STYLE = Automatic;
				DEVELOPMENT_TEAM = GCDJ2647RH;
				INFOPLIST_FILE = CoolSchoolUITests/Info.plist;
				IPHONEOS_DEPLOYMENT_TARGET = 10.0;
				LD_RUNPATH_SEARCH_PATHS = "$(inherited) @executable_path/Frameworks @loader_path/Frameworks";
				PRODUCT_BUNDLE_IDENTIFIER = com.askari.CoolSchoolUITests;
				PRODUCT_NAME = "$(TARGET_NAME)";
				SWIFT_VERSION = 3.0;
				TARGETED_DEVICE_FAMILY = "1,2";
				TEST_TARGET_NAME = CoolSchool;
			};
			name = Release;
		};
/* End XCBuildConfiguration section */

/* Begin XCConfigurationList section */
		36906D051F86A44400CBD58C /* Build configuration list for PBXProject "CoolSchool" */ = {
			isa = XCConfigurationList;
			buildConfigurations = (
				36906D301F86A44400CBD58C /* Debug */,
				36906D311F86A44400CBD58C /* Release */,
			);
			defaultConfigurationIsVisible = 0;
			defaultConfigurationName = Release;
		};
		36906D321F86A44400CBD58C /* Build configuration list for PBXNativeTarget "CoolSchool" */ = {
			isa = XCConfigurationList;
			buildConfigurations = (
				36906D331F86A44400CBD58C /* Debug */,
				36906D341F86A44400CBD58C /* Release */,
			);
			defaultConfigurationIsVisible = 0;
			defaultConfigurationName = Release;
		};
		36906D351F86A44400CBD58C /* Build configuration list for PBXNativeTarget "CoolSchoolTests" */ = {
			isa = XCConfigurationList;
			buildConfigurations = (
				36906D361F86A44400CBD58C /* Debug */,
				36906D371F86A44400CBD58C /* Release */,
			);
			defaultConfigurationIsVisible = 0;
			defaultConfigurationName = Release;
		};
		36906D381F86A44400CBD58C /* Build configuration list for PBXNativeTarget "CoolSchoolUITests" */ = {
			isa = XCConfigurationList;
			buildConfigurations = (
				36906D391F86A44400CBD58C /* Debug */,
				36906D3A1F86A44400CBD58C /* Release */,
			);
			defaultConfigurationIsVisible = 0;
			defaultConfigurationName = Release;
		};
/* End XCConfigurationList section */
	};
	rootObject = 36906D021F86A44400CBD58C /* Project object */;
}
